
Microsoft Visual Studio Solution File, Format Version 12.00
# Visual Studio Version 16
VisualStudioVersion = 16.0.31129.286
MinimumVisualStudioVersion = 10.0.40219.1
Project("{9A19103F-16F7-4668-BE54-9A1E7A4F7556}") = "Dysnomia.Common.SteamWebAPI", "Dysnomia.Common.SteamWebAPI\Dysnomia.Common.SteamWebAPI.csproj", "{ED429829-5757-4CD9-B2D1-BD2DAFF75E19}"
EndProject
Project("{FAE04EC0-301F-11D3-BF4B-00C04F79EFBC}") = "Dysnomia.Common.SteamWebAPI.Test", "Dysnomia.Common.SteamWebAPI.Test\Dysnomia.Common.SteamWebAPI.Test.csproj", "{202AB12B-46BD-4FC2-B204-C0B3B0875249}"
EndProject
Global
	GlobalSection(SolutionConfigurationPlatforms) = preSolution
		Debug|Any CPU = Debug|Any CPU
		Release|Any CPU = Release|Any CPU
	EndGlobalSection
	GlobalSection(ProjectConfigurationPlatforms) = postSolution
		{ED429829-5757-4CD9-B2D1-BD2DAFF75E19}.Debug|Any CPU.ActiveCfg = Debug|Any CPU
		{ED429829-5757-4CD9-B2D1-BD2DAFF75E19}.Debug|Any CPU.Build.0 = Debug|Any CPU
		{ED429829-5757-4CD9-B2D1-BD2DAFF75E19}.Release|Any CPU.ActiveCfg = Release|Any CPU
		{ED429829-5757-4CD9-B2D1-BD2DAFF75E19}.Release|Any CPU.Build.0 = Release|Any CPU
		{202AB12B-46BD-4FC2-B204-C0B3B0875249}.Debug|Any CPU.ActiveCfg = Debug|Any CPU
		{202AB12B-46BD-4FC2-B204-C0B3B0875249}.Debug|Any CPU.Build.0 = Debug|Any CPU
		{202AB12B-46BD-4FC2-B204-C0B3B0875249}.Release|Any CPU.ActiveCfg = Release|Any CPU
		{202AB12B-46BD-4FC2-B204-C0B3B0875249}.Release|Any CPU.Build.0 = Release|Any CPU
	EndGlobalSection
	GlobalSection(SolutionProperties) = preSolution
		HideSolutionNode = FALSE
	EndGlobalSection
	GlobalSection(ExtensibilityGlobals) = postSolution
		SolutionGuid = {885732BA-7B5C-4EBE-99CB-155D7B7ADC48}
	EndGlobalSection
EndGlobal
